
Microsoft Visual Studio Solution File, Format Version 12.00
# Visual Studio Version 17
VisualStudioVersion = 17.3.32804.467
MinimumVisualStudioVersion = 10.0.40219.1
Project("{9A19103F-16F7-4668-BE54-9A1E7A4F7556}") = "RestApiUsers", "RestApiUsers\RestApiUsers.csproj", "{9E0818CD-3748-463D-A1AF-86A66DA54C58}"
EndProject
Project("{9A19103F-16F7-4668-BE54-9A1E7A4F7556}") = "AjaxPostContacts", "AjaxPostContacts\AjaxPostContacts.csproj", "{D23865FC-591A-47ED-B999-BCDE6BEE9823}"
EndProject
Project("{FAE04EC0-301F-11D3-BF4B-00C04F79EFBC}") = "ParallelLines", "ParallelLines\ParallelLines.csproj", "{4C85783C-F708-43C0-A924-E51905705566}"
EndProject
Project("{FAE04EC0-301F-11D3-BF4B-00C04F79EFBC}") = "HesValidation", "HesValidation\HesValidation.csproj", "{14593F6F-6DA1-4712-B429-A7407C2FF36A}"
EndProject
Global
	GlobalSection(SolutionConfigurationPlatforms) = preSolution
		Debug|Any CPU = Debug|Any CPU
		Release|Any CPU = Release|Any CPU
	EndGlobalSection
	GlobalSection(ProjectConfigurationPlatforms) = postSolution
		{9E0818CD-3748-463D-A1AF-86A66DA54C58}.Debug|Any CPU.ActiveCfg = Debug|Any CPU
		{9E0818CD-3748-463D-A1AF-86A66DA54C58}.Debug|Any CPU.Build.0 = Debug|Any CPU
		{9E0818CD-3748-463D-A1AF-86A66DA54C58}.Release|Any CPU.ActiveCfg = Release|Any CPU
		{9E0818CD-3748-463D-A1AF-86A66DA54C58}.Release|Any CPU.Build.0 = Release|Any CPU
		{D23865FC-591A-47ED-B999-BCDE6BEE9823}.Debug|Any CPU.ActiveCfg = Debug|Any CPU
		{D23865FC-591A-47ED-B999-BCDE6BEE9823}.Debug|Any CPU.Build.0 = Debug|Any CPU
		{D23865FC-591A-47ED-B999-BCDE6BEE9823}.Release|Any CPU.ActiveCfg = Release|Any CPU
		{D23865FC-591A-47ED-B999-BCDE6BEE9823}.Release|Any CPU.Build.0 = Release|Any CPU
		{4C85783C-F708-43C0-A924-E51905705566}.Debug|Any CPU.ActiveCfg = Debug|Any CPU
		{4C85783C-F708-43C0-A924-E51905705566}.Debug|Any CPU.Build.0 = Debug|Any CPU
		{4C85783C-F708-43C0-A924-E51905705566}.Release|Any CPU.ActiveCfg = Release|Any CPU
		{4C85783C-F708-43C0-A924-E51905705566}.Release|Any CPU.Build.0 = Release|Any CPU
		{14593F6F-6DA1-4712-B429-A7407C2FF36A}.Debug|Any CPU.ActiveCfg = Debug|Any CPU
		{14593F6F-6DA1-4712-B429-A7407C2FF36A}.Debug|Any CPU.Build.0 = Debug|Any CPU
		{14593F6F-6DA1-4712-B429-A7407C2FF36A}.Release|Any CPU.ActiveCfg = Release|Any CPU
		{14593F6F-6DA1-4712-B429-A7407C2FF36A}.Release|Any CPU.Build.0 = Release|Any CPU
	EndGlobalSection
	GlobalSection(SolutionProperties) = preSolution
		HideSolutionNode = FALSE
	EndGlobalSection
	GlobalSection(ExtensibilityGlobals) = postSolution
		SolutionGuid = {C7D2D635-6947-4E0C-8DCD-D82F91785B5A}
	EndGlobalSection
EndGlobal
